<Solution>
  <Folder Name="/src/">
    <Project Path="src/SiscomexApiIntegration.API/SiscomexApiIntegration.API.csproj" />
    <Project Path="src/SiscomexApiIntegration.Domain/SiscomexApiIntegration.Domain.csproj" />
  </Folder>
  <Folder Name="/Tests/">
    <Project Path="tests/SiscomexApiIntegration.IntegrationTests/SiscomexApiIntegration.IntegrationTests.csproj" />
    <Project Path="tests/SiscomexApiIntegration.UnitTests/SiscomexApiIntegration.UnitTests.csproj" />
  </Folder>
</Solution>
